
Microsoft Visual Studio Solution File, Format Version 12.00
# Visual Studio Version 17
VisualStudioVersion = 17.10.34902.84
MinimumVisualStudioVersion = 10.0.40219.1
Project("{FAE04EC0-301F-11D3-BF4B-00C04F79EFBC}") = "MauiApp72", "MauiApp72\MauiApp72.csproj", "{56895272-466E-43EA-98BE-F8C3F9D9C41D}"
EndProject
Global
	GlobalSection(SolutionConfigurationPlatforms) = preSolution
		Debug|Any CPU = Debug|Any CPU
		Release|Any CPU = Release|Any CPU
	EndGlobalSection
	GlobalSection(ProjectConfigurationPlatforms) = postSolution
		{56895272-466E-43EA-98BE-F8C3F9D9C41D}.Debug|Any CPU.ActiveCfg = Debug|Any CPU
		{56895272-466E-43EA-98BE-F8C3F9D9C41D}.Debug|Any CPU.Build.0 = Debug|Any CPU
		{56895272-466E-43EA-98BE-F8C3F9D9C41D}.Debug|Any CPU.Deploy.0 = Debug|Any CPU
		{56895272-466E-43EA-98BE-F8C3F9D9C41D}.Release|Any CPU.ActiveCfg = Release|Any CPU
		{56895272-466E-43EA-98BE-F8C3F9D9C41D}.Release|Any CPU.Build.0 = Release|Any CPU
		{56895272-466E-43EA-98BE-F8C3F9D9C41D}.Release|Any CPU.Deploy.0 = Release|Any CPU
	EndGlobalSection
	GlobalSection(SolutionProperties) = preSolution
		HideSolutionNode = FALSE
	EndGlobalSection
	GlobalSection(ExtensibilityGlobals) = postSolution
		SolutionGuid = {61498E75-36E5-4811-BE69-8784F170CA37}
	EndGlobalSection
EndGlobal
